// !$*UTF8*$!
{
	archiveVersion = 1;
	classes = {
	};
	objectVersion = 51;
	objects = {

/* Begin PBXBuildFile section */
		331BB4E3B643722744CD421D /* Pods_HeroTest_HeroTestUITests.framework in Frameworks */ = {isa = PBXBuildFile; fileRef = 541B516189FA643ACD29C853 /* Pods_HeroTest_HeroTestUITests.framework */; };
		37548A76EFDE4A3721C66399 /* Pods_HeroTest.framework in Frameworks */ = {isa = PBXBuildFile; fileRef = B63E757B9E73538654DD294C /* Pods_HeroTest.framework */; };
		E90FDD7072CF50F66E6DCB0F /* Pods_HeroTestTests.framework in Frameworks */ = {isa = PBXBuildFile; fileRef = 7DACB48EF0A352073D861181 /* Pods_HeroTestTests.framework */; };
		F15E382F2605B0EF0038E195 /* HeroCollectionView.xib in Resources */ = {isa = PBXBuildFile; fileRef = F15E382E2605B0EF0038E195 /* HeroCollectionView.xib */; };
		F15E38342605B1650038E195 /* HeroCollectionView.swift in Sources */ = {isa = PBXBuildFile; fileRef = F15E38332605B1650038E195 /* HeroCollectionView.swift */; };
		F15E38412605B6370038E195 /* HeroCollectionView+Collection.swift in Sources */ = {isa = PBXBuildFile; fileRef = F15E38402605B6360038E195 /* HeroCollectionView+Collection.swift */; };
		F15E38462605B6770038E195 /* HeroCollectionViewCell.xib in Resources */ = {isa = PBXBuildFile; fileRef = F15E38452605B6770038E195 /* HeroCollectionViewCell.xib */; };
		F15E384B2605B6EE0038E195 /* HeroCollectionViewCell.swift in Sources */ = {isa = PBXBuildFile; fileRef = F15E384A2605B6EE0038E195 /* HeroCollectionViewCell.swift */; };
		F15E476A2606DDCE00BB0717 /* HeroCollectionViewCell+Hero.swift in Sources */ = {isa = PBXBuildFile; fileRef = F15E47692606DDCE00BB0717 /* HeroCollectionViewCell+Hero.swift */; };
		F15E47832606F19400BB0717 /* PageDataController.swift in Sources */ = {isa = PBXBuildFile; fileRef = F15E47822606F19400BB0717 /* PageDataController.swift */; };
		F15E47882606FB1A00BB0717 /* DataController.swift in Sources */ = {isa = PBXBuildFile; fileRef = F15E47872606FB1A00BB0717 /* DataController.swift */; };
		F15E47932606FC9B00BB0717 /* SearchDataController.swift in Sources */ = {isa = PBXBuildFile; fileRef = F15E47922606FC9B00BB0717 /* SearchDataController.swift */; };
		F15E479826081DD000BB0717 /* RandomDataController.swift in Sources */ = {isa = PBXBuildFile; fileRef = F15E479726081DD000BB0717 /* RandomDataController.swift */; };
		F161579F25F711E900AC9AB4 /* AppDelegate.swift in Sources */ = {isa = PBXBuildFile; fileRef = F161579E25F711E900AC9AB4 /* AppDelegate.swift */; };
		F16157A125F711E900AC9AB4 /* SceneDelegate.swift in Sources */ = {isa = PBXBuildFile; fileRef = F16157A025F711E900AC9AB4 /* SceneDelegate.swift */; };
		F16157A325F711E900AC9AB4 /* MainViewController.swift in Sources */ = {isa = PBXBuildFile; fileRef = F16157A225F711E900AC9AB4 /* MainViewController.swift */; };
		F16157A625F711E900AC9AB4 /* Main.storyboard in Resources */ = {isa = PBXBuildFile; fileRef = F16157A425F711E900AC9AB4 /* Main.storyboard */; };
		F16157A825F711EC00AC9AB4 /* Assets.xcassets in Resources */ = {isa = PBXBuildFile; fileRef = F16157A725F711EC00AC9AB4 /* Assets.xcassets */; };
		F16157AB25F711EC00AC9AB4 /* LaunchScreen.storyboard in Resources */ = {isa = PBXBuildFile; fileRef = F16157A925F711EC00AC9AB4 /* LaunchScreen.storyboard */; };
		F16157B625F711EC00AC9AB4 /* HeroTestTests.swift in Sources */ = {isa = PBXBuildFile; fileRef = F16157B525F711EC00AC9AB4 /* HeroTestTests.swift */; };
		F16157C125F711EC00AC9AB4 /* HeroTestUITests.swift in Sources */ = {isa = PBXBuildFile; fileRef = F16157C025F711EC00AC9AB4 /* HeroTestUITests.swift */; };
		F17014EB25F73957006F9249 /* NetworkTests.swift in Sources */ = {isa = PBXBuildFile; fileRef = F17014EA25F73957006F9249 /* NetworkTests.swift */; };
		F17014F525F73AFF006F9249 /* HeroModel.swift in Sources */ = {isa = PBXBuildFile; fileRef = F17014F425F73AFF006F9249 /* HeroModel.swift */; };
		F17014FE25F73CC9006F9249 /* HeroViewModel.swift in Sources */ = {isa = PBXBuildFile; fileRef = F17014FD25F73CC9006F9249 /* HeroViewModel.swift */; };
		F170150425F7422A006F9249 /* HeroTableViewCell.swift in Sources */ = {isa = PBXBuildFile; fileRef = F170150325F7422A006F9249 /* HeroTableViewCell.swift */; };
		F170150C25F7456B006F9249 /* UIView+Rounded.swift in Sources */ = {isa = PBXBuildFile; fileRef = F170150B25F7456B006F9249 /* UIView+Rounded.swift */; };
		F170151125F7481D006F9249 /* Network+Download.swift in Sources */ = {isa = PBXBuildFile; fileRef = F170151025F7481D006F9249 /* Network+Download.swift */; };
		F170151925F74E5A006F9249 /* UIView+Fade.swift in Sources */ = {isa = PBXBuildFile; fileRef = F170151825F74E5A006F9249 /* UIView+Fade.swift */; };
		F18F9B3B260573BE0038A9E9 /* HeroPhotoView.xib in Resources */ = {isa = PBXBuildFile; fileRef = F18F9B3A260573BE0038A9E9 /* HeroPhotoView.xib */; };
		F18F9B402605741E0038A9E9 /* HeroPhotoView.swift in Sources */ = {isa = PBXBuildFile; fileRef = F18F9B3F2605741E0038A9E9 /* HeroPhotoView.swift */; };
		F1A463BB25F7E7E100D0A6B1 /* Network+Hero.swift in Sources */ = {isa = PBXBuildFile; fileRef = F1A463BA25F7E7E100D0A6B1 /* Network+Hero.swift */; };
		F1A463CC25F7F91A00D0A6B1 /* DetailsViewController.swift in Sources */ = {isa = PBXBuildFile; fileRef = F1A463CB25F7F91A00D0A6B1 /* DetailsViewController.swift */; };
		F1A463D125F8261D00D0A6B1 /* UIImageView+LoadURL.swift in Sources */ = {isa = PBXBuildFile; fileRef = F1A463D025F8261D00D0A6B1 /* UIImageView+LoadURL.swift */; };
		F1A463E325F850ED00D0A6B1 /* MainViewController+TableView.swift in Sources */ = {isa = PBXBuildFile; fileRef = F1A463E225F850ED00D0A6B1 /* MainViewController+TableView.swift */; };
		F1A463F425F859E900D0A6B1 /* DetailsViewController+Storyboard.swift in Sources */ = {isa = PBXBuildFile; fileRef = F1A463F325F859E900D0A6B1 /* DetailsViewController+Storyboard.swift */; };
		F1A463FC25F85EC200D0A6B1 /* MainViewController+SearchBar.swift in Sources */ = {isa = PBXBuildFile; fileRef = F1A463FB25F85EC200D0A6B1 /* MainViewController+SearchBar.swift */; };
		F1A4640425F8620500D0A6B1 /* Network+Search.swift in Sources */ = {isa = PBXBuildFile; fileRef = F1A4640325F8620500D0A6B1 /* Network+Search.swift */; };
		F1B08E3125F7189D00AFF72E /* Network.swift in Sources */ = {isa = PBXBuildFile; fileRef = F1B08E3025F7189C00AFF72E /* Network.swift */; };
		F1B08E3925F719CC00AFF72E /* NetworkError.swift in Sources */ = {isa = PBXBuildFile; fileRef = F1B08E3825F719CC00AFF72E /* NetworkError.swift */; };
		F1B08E3E25F71AF200AFF72E /* Network+Get.swift in Sources */ = {isa = PBXBuildFile; fileRef = F1B08E3D25F71AF200AFF72E /* Network+Get.swift */; };
		F1C7A90A25F9444900396B60 /* HeroTableViewCell+Hero.swift in Sources */ = {isa = PBXBuildFile; fileRef = F1C7A90925F9444900396B60 /* HeroTableViewCell+Hero.swift */; };
		F1C7A91225F9450200396B60 /* DetailsViewController+Hero.swift in Sources */ = {isa = PBXBuildFile; fileRef = F1C7A91125F9450200396B60 /* DetailsViewController+Hero.swift */; };
		F1C7A91F25F94C4300396B60 /* DetailsViewController+Chart.swift in Sources */ = {isa = PBXBuildFile; fileRef = F1C7A91E25F94C4300396B60 /* DetailsViewController+Chart.swift */; };
		F1E42CCA25F73043005CA293 /* Mutex.swift in Sources */ = {isa = PBXBuildFile; fileRef = F1E42CC925F73043005CA293 /* Mutex.swift */; };
/* End PBXBuildFile section */

/* Begin PBXContainerItemProxy section */
		F16157B225F711EC00AC9AB4 /* PBXContainerItemProxy */ = {
			isa = PBXContainerItemProxy;
			containerPortal = F161579325F711E900AC9AB4 /* Project object */;
			proxyType = 1;
			remoteGlobalIDString = F161579A25F711E900AC9AB4;
			remoteInfo = HeroTest;
		};
		F16157BD25F711EC00AC9AB4 /* PBXContainerItemProxy */ = {
			isa = PBXContainerItemProxy;
			containerPortal = F161579325F711E900AC9AB4 /* Project object */;
			proxyType = 1;
			remoteGlobalIDString = F161579A25F711E900AC9AB4;
			remoteInfo = HeroTest;
		};
/* End PBXContainerItemProxy section */

/* Begin PBXFileReference section */
		1F2F08617D4257FA2DE2E69F /* Pods-HeroTest.debug.xcconfig */ = {isa = PBXFileReference; includeInIndex = 1; lastKnownFileType = text.xcconfig; name = "Pods-HeroTest.debug.xcconfig"; path = "Target Support Files/Pods-HeroTest/Pods-HeroTest.debug.xcconfig"; sourceTree = "<group>"; };
		541B516189FA643ACD29C853 /* Pods_HeroTest_HeroTestUITests.framework */ = {isa = PBXFileReference; explicitFileType = wrapper.framework; includeInIndex = 0; path = Pods_HeroTest_HeroTestUITests.framework; sourceTree = BUILT_PRODUCTS_DIR; };
		612D65DEE62069D28EC2EE98 /* Pods-HeroTestTests.debug.xcconfig */ = {isa = PBXFileReference; includeInIndex = 1; lastKnownFileType = text.xcconfig; name = "Pods-HeroTestTests.debug.xcconfig"; path = "Target Support Files/Pods-HeroTestTests/Pods-HeroTestTests.debug.xcconfig"; sourceTree = "<group>"; };
		68D2C98947898007A5289556 /* Pods-HeroTest.release.xcconfig */ = {isa = PBXFileReference; includeInIndex = 1; lastKnownFileType = text.xcconfig; name = "Pods-HeroTest.release.xcconfig"; path = "Target Support Files/Pods-HeroTest/Pods-HeroTest.release.xcconfig"; sourceTree = "<group>"; };
		7DACB48EF0A352073D861181 /* Pods_HeroTestTests.framework */ = {isa = PBXFileReference; explicitFileType = wrapper.framework; includeInIndex = 0; path = Pods_HeroTestTests.framework; sourceTree = BUILT_PRODUCTS_DIR; };
		A26F1F36BA98B95F15F44507 /* Pods-HeroTest-HeroTestUITests.debug.xcconfig */ = {isa = PBXFileReference; includeInIndex = 1; lastKnownFileType = text.xcconfig; name = "Pods-HeroTest-HeroTestUITests.debug.xcconfig"; path = "Target Support Files/Pods-HeroTest-HeroTestUITests/Pods-HeroTest-HeroTestUITests.debug.xcconfig"; sourceTree = "<group>"; };
		B63E757B9E73538654DD294C /* Pods_HeroTest.framework */ = {isa = PBXFileReference; explicitFileType = wrapper.framework; includeInIndex = 0; path = Pods_HeroTest.framework; sourceTree = BUILT_PRODUCTS_DIR; };
		BF5A6856BB23D808F5686383 /* Pods-HeroTestTests.release.xcconfig */ = {isa = PBXFileReference; includeInIndex = 1; lastKnownFileType = text.xcconfig; name = "Pods-HeroTestTests.release.xcconfig"; path = "Target Support Files/Pods-HeroTestTests/Pods-HeroTestTests.release.xcconfig"; sourceTree = "<group>"; };
		C9715F6A5EE87A197B74C7F6 /* Pods-HeroTest-HeroTestUITests.release.xcconfig */ = {isa = PBXFileReference; includeInIndex = 1; lastKnownFileType = text.xcconfig; name = "Pods-HeroTest-HeroTestUITests.release.xcconfig"; path = "Target Support Files/Pods-HeroTest-HeroTestUITests/Pods-HeroTest-HeroTestUITests.release.xcconfig"; sourceTree = "<group>"; };
		F15E382E2605B0EF0038E195 /* HeroCollectionView.xib */ = {isa = PBXFileReference; lastKnownFileType = file.xib; path = HeroCollectionView.xib; sourceTree = "<group>"; };
		F15E38332605B1650038E195 /* HeroCollectionView.swift */ = {isa = PBXFileReference; lastKnownFileType = sourcecode.swift; path = HeroCollectionView.swift; sourceTree = "<group>"; };
		F15E38402605B6360038E195 /* HeroCollectionView+Collection.swift */ = {isa = PBXFileReference; lastKnownFileType = sourcecode.swift; path = "HeroCollectionView+Collection.swift"; sourceTree = "<group>"; };
		F15E38452605B6770038E195 /* HeroCollectionViewCell.xib */ = {isa = PBXFileReference; lastKnownFileType = file.xib; path = HeroCollectionViewCell.xib; sourceTree = "<group>"; };
		F15E384A2605B6EE0038E195 /* HeroCollectionViewCell.swift */ = {isa = PBXFileReference; lastKnownFileType = sourcecode.swift; path = HeroCollectionViewCell.swift; sourceTree = "<group>"; };
		F15E47692606DDCE00BB0717 /* HeroCollectionViewCell+Hero.swift */ = {isa = PBXFileReference; lastKnownFileType = sourcecode.swift; path = "HeroCollectionViewCell+Hero.swift"; sourceTree = "<group>"; };
		F15E47822606F19400BB0717 /* PageDataController.swift */ = {isa = PBXFileReference; lastKnownFileType = sourcecode.swift; path = PageDataController.swift; sourceTree = "<group>"; };
		F15E47872606FB1A00BB0717 /* DataController.swift */ = {isa = PBXFileReference; lastKnownFileType = sourcecode.swift; path = DataController.swift; sourceTree = "<group>"; };
		F15E47922606FC9B00BB0717 /* SearchDataController.swift */ = {isa = PBXFileReference; lastKnownFileType = sourcecode.swift; path = SearchDataController.swift; sourceTree = "<group>"; };
		F15E479726081DD000BB0717 /* RandomDataController.swift */ = {isa = PBXFileReference; lastKnownFileType = sourcecode.swift; path = RandomDataController.swift; sourceTree = "<group>"; };
		F161579B25F711E900AC9AB4 /* HeroTest.app */ = {isa = PBXFileReference; explicitFileType = wrapper.application; includeInIndex = 0; path = HeroTest.app; sourceTree = BUILT_PRODUCTS_DIR; };
		F161579E25F711E900AC9AB4 /* AppDelegate.swift */ = {isa = PBXFileReference; lastKnownFileType = sourcecode.swift; path = AppDelegate.swift; sourceTree = "<group>"; };
		F16157A025F711E900AC9AB4 /* SceneDelegate.swift */ = {isa = PBXFileReference; lastKnownFileType = sourcecode.swift; path = SceneDelegate.swift; sourceTree = "<group>"; };
		F16157A225F711E900AC9AB4 /* MainViewController.swift */ = {isa = PBXFileReference; lastKnownFileType = sourcecode.swift; path = MainViewController.swift; sourceTree = "<group>"; };
		F16157A525F711E900AC9AB4 /* Base */ = {isa = PBXFileReference; lastKnownFileType = file.storyboard; name = Base; path = Base.lproj/Main.storyboard; sourceTree = "<group>"; };
		F16157A725F711EC00AC9AB4 /* Assets.xcassets */ = {isa = PBXFileReference; lastKnownFileType = folder.assetcatalog; path = Assets.xcassets; sourceTree = "<group>"; };
		F16157AA25F711EC00AC9AB4 /* Base */ = {isa = PBXFileReference; lastKnownFileType = file.storyboard; name = Base; path = Base.lproj/LaunchScreen.storyboard; sourceTree = "<group>"; };
		F16157AC25F711EC00AC9AB4 /* Info.plist */ = {isa = PBXFileReference; lastKnownFileType = text.plist.xml; path = Info.plist; sourceTree = "<group>"; };
		F16157B125F711EC00AC9AB4 /* HeroTestTests.xctest */ = {isa = PBXFileReference; explicitFileType = wrapper.cfbundle; includeInIndex = 0; path = HeroTestTests.xctest; sourceTree = BUILT_PRODUCTS_DIR; };
		F16157B525F711EC00AC9AB4 /* HeroTestTests.swift */ = {isa = PBXFileReference; lastKnownFileType = sourcecode.swift; path = HeroTestTests.swift; sourceTree = "<group>"; };
		F16157B725F711EC00AC9AB4 /* Info.plist */ = {isa = PBXFileReference; lastKnownFileType = text.plist.xml; path = Info.plist; sourceTree = "<group>"; };
		F16157BC25F711EC00AC9AB4 /* HeroTestUITests.xctest */ = {isa = PBXFileReference; explicitFileType = wrapper.cfbundle; includeInIndex = 0; path = HeroTestUITests.xctest; sourceTree = BUILT_PRODUCTS_DIR; };
		F16157C025F711EC00AC9AB4 /* HeroTestUITests.swift */ = {isa = PBXFileReference; lastKnownFileType = sourcecode.swift; path = HeroTestUITests.swift; sourceTree = "<group>"; };
		F16157C225F711EC00AC9AB4 /* Info.plist */ = {isa = PBXFileReference; lastKnownFileType = text.plist.xml; path = Info.plist; sourceTree = "<group>"; };
		F17014EA25F73957006F9249 /* NetworkTests.swift */ = {isa = PBXFileReference; lastKnownFileType = sourcecode.swift; path = NetworkTests.swift; sourceTree = "<group>"; };
		F17014F425F73AFF006F9249 /* HeroModel.swift */ = {isa = PBXFileReference; lastKnownFileType = sourcecode.swift; path = HeroModel.swift; sourceTree = "<group>"; };
		F17014FD25F73CC9006F9249 /* HeroViewModel.swift */ = {isa = PBXFileReference; lastKnownFileType = sourcecode.swift; path = HeroViewModel.swift; sourceTree = "<group>"; };
		F170150325F7422A006F9249 /* HeroTableViewCell.swift */ = {isa = PBXFileReference; lastKnownFileType = sourcecode.swift; path = HeroTableViewCell.swift; sourceTree = "<group>"; };
		F170150B25F7456B006F9249 /* UIView+Rounded.swift */ = {isa = PBXFileReference; lastKnownFileType = sourcecode.swift; path = "UIView+Rounded.swift"; sourceTree = "<group>"; };
		F170151025F7481D006F9249 /* Network+Download.swift */ = {isa = PBXFileReference; lastKnownFileType = sourcecode.swift; path = "Network+Download.swift"; sourceTree = "<group>"; };
		F170151825F74E5A006F9249 /* UIView+Fade.swift */ = {isa = PBXFileReference; lastKnownFileType = sourcecode.swift; path = "UIView+Fade.swift"; sourceTree = "<group>"; };
		F18F9B3A260573BE0038A9E9 /* HeroPhotoView.xib */ = {isa = PBXFileReference; lastKnownFileType = file.xib; path = HeroPhotoView.xib; sourceTree = "<group>"; };
		F18F9B3F2605741E0038A9E9 /* HeroPhotoView.swift */ = {isa = PBXFileReference; lastKnownFileType = sourcecode.swift; path = HeroPhotoView.swift; sourceTree = "<group>"; };
		F1A463BA25F7E7E100D0A6B1 /* Network+Hero.swift */ = {isa = PBXFileReference; lastKnownFileType = sourcecode.swift; path = "Network+Hero.swift"; sourceTree = "<group>"; };
		F1A463CB25F7F91A00D0A6B1 /* DetailsViewController.swift */ = {isa = PBXFileReference; lastKnownFileType = sourcecode.swift; path = DetailsViewController.swift; sourceTree = "<group>"; };
		F1A463D025F8261D00D0A6B1 /* UIImageView+LoadURL.swift */ = {isa = PBXFileReference; lastKnownFileType = sourcecode.swift; path = "UIImageView+LoadURL.swift"; sourceTree = "<group>"; };
		F1A463E225F850ED00D0A6B1 /* MainViewController+TableView.swift */ = {isa = PBXFileReference; lastKnownFileType = sourcecode.swift; path = "MainViewController+TableView.swift"; sourceTree = "<group>"; };
		F1A463F325F859E900D0A6B1 /* DetailsViewController+Storyboard.swift */ = {isa = PBXFileReference; lastKnownFileType = sourcecode.swift; path = "DetailsViewController+Storyboard.swift"; sourceTree = "<group>"; };
		F1A463FB25F85EC200D0A6B1 /* MainViewController+SearchBar.swift */ = {isa = PBXFileReference; lastKnownFileType = sourcecode.swift; path = "MainViewController+SearchBar.swift"; sourceTree = "<group>"; };
		F1A4640325F8620500D0A6B1 /* Network+Search.swift */ = {isa = PBXFileReference; lastKnownFileType = sourcecode.swift; path = "Network+Search.swift"; sourceTree = "<group>"; };
		F1B08E3025F7189C00AFF72E /* Network.swift */ = {isa = PBXFileReference; lastKnownFileType = sourcecode.swift; path = Network.swift; sourceTree = "<group>"; };
		F1B08E3825F719CC00AFF72E /* NetworkError.swift */ = {isa = PBXFileReference; lastKnownFileType = sourcecode.swift; path = NetworkError.swift; sourceTree = "<group>"; };
		F1B08E3D25F71AF200AFF72E /* Network+Get.swift */ = {isa = PBXFileReference; lastKnownFileType = sourcecode.swift; path = "Network+Get.swift"; sourceTree = "<group>"; };
		F1C7A90925F9444900396B60 /* HeroTableViewCell+Hero.swift */ = {isa = PBXFileReference; lastKnownFileType = sourcecode.swift; path = "HeroTableViewCell+Hero.swift"; sourceTree = "<group>"; };
		F1C7A91125F9450200396B60 /* DetailsViewController+Hero.swift */ = {isa = PBXFileReference; lastKnownFileType = sourcecode.swift; path = "DetailsViewController+Hero.swift"; sourceTree = "<group>"; };
		F1C7A91E25F94C4300396B60 /* DetailsViewController+Chart.swift */ = {isa = PBXFileReference; lastKnownFileType = sourcecode.swift; path = "DetailsViewController+Chart.swift"; sourceTree = "<group>"; };
		F1E42CC925F73043005CA293 /* Mutex.swift */ = {isa = PBXFileReference; lastKnownFileType = sourcecode.swift; path = Mutex.swift; sourceTree = "<group>"; };
/* End PBXFileReference section */

/* Begin PBXFrameworksBuildPhase section */
		F161579825F711E900AC9AB4 /* Frameworks */ = {
			isa = PBXFrameworksBuildPhase;
			buildActionMask = 2147483647;
			files = (
				37548A76EFDE4A3721C66399 /* Pods_HeroTest.framework in Frameworks */,
			);
			runOnlyForDeploymentPostprocessing = 0;
		};
		F16157AE25F711EC00AC9AB4 /* Frameworks */ = {
			isa = PBXFrameworksBuildPhase;
			buildActionMask = 2147483647;
			files = (
				E90FDD7072CF50F66E6DCB0F /* Pods_HeroTestTests.framework in Frameworks */,
			);
			runOnlyForDeploymentPostprocessing = 0;
		};
		F16157B925F711EC00AC9AB4 /* Frameworks */ = {
			isa = PBXFrameworksBuildPhase;
			buildActionMask = 2147483647;
			files = (
				331BB4E3B643722744CD421D /* Pods_HeroTest_HeroTestUITests.framework in Frameworks */,
			);
			runOnlyForDeploymentPostprocessing = 0;
		};
/* End PBXFrameworksBuildPhase section */

/* Begin PBXGroup section */
		76B34E70D4487531F5E18301 /* Pods */ = {
			isa = PBXGroup;
			children = (
				1F2F08617D4257FA2DE2E69F /* Pods-HeroTest.debug.xcconfig */,
				68D2C98947898007A5289556 /* Pods-HeroTest.release.xcconfig */,
				A26F1F36BA98B95F15F44507 /* Pods-HeroTest-HeroTestUITests.debug.xcconfig */,
				C9715F6A5EE87A197B74C7F6 /* Pods-HeroTest-HeroTestUITests.release.xcconfig */,
				612D65DEE62069D28EC2EE98 /* Pods-HeroTestTests.debug.xcconfig */,
				BF5A6856BB23D808F5686383 /* Pods-HeroTestTests.release.xcconfig */,
			);
			path = Pods;
			sourceTree = "<group>";
		};
		8CDA9E2042941C81C9F2E748 /* Frameworks */ = {
			isa = PBXGroup;
			children = (
				B63E757B9E73538654DD294C /* Pods_HeroTest.framework */,
				541B516189FA643ACD29C853 /* Pods_HeroTest_HeroTestUITests.framework */,
				7DACB48EF0A352073D861181 /* Pods_HeroTestTests.framework */,
			);
			name = Frameworks;
			sourceTree = "<group>";
		};
		F15E47812606F17E00BB0717 /* Controller */ = {
			isa = PBXGroup;
			children = (
				F15E47872606FB1A00BB0717 /* DataController.swift */,
				F15E47822606F19400BB0717 /* PageDataController.swift */,
				F15E47922606FC9B00BB0717 /* SearchDataController.swift */,
				F15E479726081DD000BB0717 /* RandomDataController.swift */,
			);
			path = Controller;
			sourceTree = "<group>";
		};
		F161579225F711E900AC9AB4 = {
			isa = PBXGroup;
			children = (
				F161579D25F711E900AC9AB4 /* HeroTest */,
				F16157B425F711EC00AC9AB4 /* HeroTestTests */,
				F16157BF25F711EC00AC9AB4 /* HeroTestUITests */,
				F161579C25F711E900AC9AB4 /* Products */,
				76B34E70D4487531F5E18301 /* Pods */,
				8CDA9E2042941C81C9F2E748 /* Frameworks */,
			);
			sourceTree = "<group>";
		};
		F161579C25F711E900AC9AB4 /* Products */ = {
			isa = PBXGroup;
			children = (
				F161579B25F711E900AC9AB4 /* HeroTest.app */,
				F16157B125F711EC00AC9AB4 /* HeroTestTests.xctest */,
				F16157BC25F711EC00AC9AB4 /* HeroTestUITests.xctest */,
			);
			name = Products;
			sourceTree = "<group>";
		};
		F161579D25F711E900AC9AB4 /* HeroTest */ = {
			isa = PBXGroup;
			children = (
				F15E47812606F17E00BB0717 /* Controller */,
				F1A463CA25F7F90100D0A6B1 /* ViewControllers */,
				F170150225F7420C006F9249 /* Controls */,
				F17014F325F73AF0006F9249 /* ViewModel */,
				F17014F225F73AE9006F9249 /* Model */,
				F1E42CC825F7302F005CA293 /* Extensions */,
				F1B08E2F25F7188D00AFF72E /* Network */,
				F161579E25F711E900AC9AB4 /* AppDelegate.swift */,
				F16157A025F711E900AC9AB4 /* SceneDelegate.swift */,
				F16157A425F711E900AC9AB4 /* Main.storyboard */,
				F16157A725F711EC00AC9AB4 /* Assets.xcassets */,
				F16157A925F711EC00AC9AB4 /* LaunchScreen.storyboard */,
				F16157AC25F711EC00AC9AB4 /* Info.plist */,
			);
			path = HeroTest;
			sourceTree = "<group>";
		};
		F16157B425F711EC00AC9AB4 /* HeroTestTests */ = {
			isa = PBXGroup;
			children = (
				F16157B525F711EC00AC9AB4 /* HeroTestTests.swift */,
				F17014EA25F73957006F9249 /* NetworkTests.swift */,
				F16157B725F711EC00AC9AB4 /* Info.plist */,
			);
			path = HeroTestTests;
			sourceTree = "<group>";
		};
		F16157BF25F711EC00AC9AB4 /* HeroTestUITests */ = {
			isa = PBXGroup;
			children = (
				F16157C025F711EC00AC9AB4 /* HeroTestUITests.swift */,
				F16157C225F711EC00AC9AB4 /* Info.plist */,
			);
			path = HeroTestUITests;
			sourceTree = "<group>";
		};
		F17014F225F73AE9006F9249 /* Model */ = {
			isa = PBXGroup;
			children = (
				F17014F425F73AFF006F9249 /* HeroModel.swift */,
			);
			path = Model;
			sourceTree = "<group>";
		};
		F17014F325F73AF0006F9249 /* ViewModel */ = {
			isa = PBXGroup;
			children = (
				F17014FD25F73CC9006F9249 /* HeroViewModel.swift */,
			);
			path = ViewModel;
			sourceTree = "<group>";
		};
		F170150225F7420C006F9249 /* Controls */ = {
			isa = PBXGroup;
			children = (
				F170150325F7422A006F9249 /* HeroTableViewCell.swift */,
				F1C7A90925F9444900396B60 /* HeroTableViewCell+Hero.swift */,
				F18F9B3F2605741E0038A9E9 /* HeroPhotoView.swift */,
				F18F9B3A260573BE0038A9E9 /* HeroPhotoView.xib */,
				F15E38332605B1650038E195 /* HeroCollectionView.swift */,
				F15E38402605B6360038E195 /* HeroCollectionView+Collection.swift */,
				F15E382E2605B0EF0038E195 /* HeroCollectionView.xib */,
				F15E384A2605B6EE0038E195 /* HeroCollectionViewCell.swift */,
				F15E47692606DDCE00BB0717 /* HeroCollectionViewCell+Hero.swift */,
				F15E38452605B6770038E195 /* HeroCollectionViewCell.xib */,
			);
			path = Controls;
			sourceTree = "<group>";
		};
		F1A463CA25F7F90100D0A6B1 /* ViewControllers */ = {
			isa = PBXGroup;
			children = (
				F16157A225F711E900AC9AB4 /* MainViewController.swift */,
				F1A463E225F850ED00D0A6B1 /* MainViewController+TableView.swift */,
				F1A463FB25F85EC200D0A6B1 /* MainViewController+SearchBar.swift */,
				F1A463CB25F7F91A00D0A6B1 /* DetailsViewController.swift */,
				F1A463F325F859E900D0A6B1 /* DetailsViewController+Storyboard.swift */,
				F1C7A91125F9450200396B60 /* DetailsViewController+Hero.swift */,
				F1C7A91E25F94C4300396B60 /* DetailsViewController+Chart.swift */,
			);
			path = ViewControllers;
			sourceTree = "<group>";
		};
		F1B08E2F25F7188D00AFF72E /* Network */ = {
			isa = PBXGroup;
			children = (
				F1B08E3025F7189C00AFF72E /* Network.swift */,
				F1B08E3D25F71AF200AFF72E /* Network+Get.swift */,
				F170151025F7481D006F9249 /* Network+Download.swift */,
				F1A463BA25F7E7E100D0A6B1 /* Network+Hero.swift */,
				F1A4640325F8620500D0A6B1 /* Network+Search.swift */,
				F1B08E3825F719CC00AFF72E /* NetworkError.swift */,
			);
			path = Network;
			sourceTree = "<group>";
		};
		F1E42CC825F7302F005CA293 /* Extensions */ = {
			isa = PBXGroup;
			children = (
				F1E42CC925F73043005CA293 /* Mutex.swift */,
				F170150B25F7456B006F9249 /* UIView+Rounded.swift */,
				F170151825F74E5A006F9249 /* UIView+Fade.swift */,
				F1A463D025F8261D00D0A6B1 /* UIImageView+LoadURL.swift */,
			);
			path = Extensions;
			sourceTree = "<group>";
		};
/* End PBXGroup section */

/* Begin PBXNativeTarget section */
		F161579A25F711E900AC9AB4 /* HeroTest */ = {
			isa = PBXNativeTarget;
			buildConfigurationList = F16157C525F711EC00AC9AB4 /* Build configuration list for PBXNativeTarget "HeroTest" */;
			buildPhases = (
				963D1E09AB905C9CADBC79ED /* [CP] Check Pods Manifest.lock */,
				F161579725F711E900AC9AB4 /* Sources */,
				F161579825F711E900AC9AB4 /* Frameworks */,
				F161579925F711E900AC9AB4 /* Resources */,
				2953A033B8F14CF01DC90268 /* [CP] Embed Pods Frameworks */,
			);
			buildRules = (
			);
			dependencies = (
			);
			name = HeroTest;
			productName = HeroTest;
			productReference = F161579B25F711E900AC9AB4 /* HeroTest.app */;
			productType = "com.apple.product-type.application";
		};
		F16157B025F711EC00AC9AB4 /* HeroTestTests */ = {
			isa = PBXNativeTarget;
			buildConfigurationList = F16157C825F711EC00AC9AB4 /* Build configuration list for PBXNativeTarget "HeroTestTests" */;
			buildPhases = (
				16A7A9BEE64973F69AA8FAF8 /* [CP] Check Pods Manifest.lock */,
				F16157AD25F711EC00AC9AB4 /* Sources */,
				F16157AE25F711EC00AC9AB4 /* Frameworks */,
				F16157AF25F711EC00AC9AB4 /* Resources */,
			);
			buildRules = (
			);
			dependencies = (
				F16157B325F711EC00AC9AB4 /* PBXTargetDependency */,
			);
			name = HeroTestTests;
			productName = HeroTestTests;
			productReference = F16157B125F711EC00AC9AB4 /* HeroTestTests.xctest */;
			productType = "com.apple.product-type.bundle.unit-test";
		};
		F16157BB25F711EC00AC9AB4 /* HeroTestUITests */ = {
			isa = PBXNativeTarget;
			buildConfigurationList = F16157CB25F711EC00AC9AB4 /* Build configuration list for PBXNativeTarget "HeroTestUITests" */;
			buildPhases = (
				45ABC41F350C9732E826BAB0 /* [CP] Check Pods Manifest.lock */,
				F16157B825F711EC00AC9AB4 /* Sources */,
				F16157B925F711EC00AC9AB4 /* Frameworks */,
				F16157BA25F711EC00AC9AB4 /* Resources */,
				C31E8CB7BDD8C03E12ECD9FC /* [CP] Embed Pods Frameworks */,
			);
			buildRules = (
			);
			dependencies = (
				F16157BE25F711EC00AC9AB4 /* PBXTargetDependency */,
			);
			name = HeroTestUITests;
			productName = HeroTestUITests;
			productReference = F16157BC25F711EC00AC9AB4 /* HeroTestUITests.xctest */;
			productType = "com.apple.product-type.bundle.ui-testing";
		};
/* End PBXNativeTarget section */

/* Begin PBXProject section */
		F161579325F711E900AC9AB4 /* Project object */ = {
			isa = PBXProject;
			attributes = {
				LastSwiftUpdateCheck = 1240;
				LastUpgradeCheck = 1240;
				TargetAttributes = {
					F161579A25F711E900AC9AB4 = {
						CreatedOnToolsVersion = 12.4;
					};
					F16157B025F711EC00AC9AB4 = {
						CreatedOnToolsVersion = 12.4;
						TestTargetID = F161579A25F711E900AC9AB4;
					};
					F16157BB25F711EC00AC9AB4 = {
						CreatedOnToolsVersion = 12.4;
						TestTargetID = F161579A25F711E900AC9AB4;
					};
				};
			};
			buildConfigurationList = F161579625F711E900AC9AB4 /* Build configuration list for PBXProject "HeroTest" */;
			compatibilityVersion = "Xcode 9.3";
			developmentRegion = en;
			hasScannedForEncodings = 0;
			knownRegions = (
				en,
				Base,
			);
			mainGroup = F161579225F711E900AC9AB4;
			productRefGroup = F161579C25F711E900AC9AB4 /* Products */;
			projectDirPath = "";
			projectRoot = "";
			targets = (
				F161579A25F711E900AC9AB4 /* HeroTest */,
				F16157B025F711EC00AC9AB4 /* HeroTestTests */,
				F16157BB25F711EC00AC9AB4 /* HeroTestUITests */,
			);
		};
/* End PBXProject section */

/* Begin PBXResourcesBuildPhase section */
		F161579925F711E900AC9AB4 /* Resources */ = {
			isa = PBXResourcesBuildPhase;
			buildActionMask = 2147483647;
			files = (
				F16157AB25F711EC00AC9AB4 /* LaunchScreen.storyboard in Resources */,
				F18F9B3B260573BE0038A9E9 /* HeroPhotoView.xib in Resources */,
				F16157A825F711EC00AC9AB4 /* Assets.xcassets in Resources */,
				F16157A625F711E900AC9AB4 /* Main.storyboard in Resources */,
				F15E38462605B6770038E195 /* HeroCollectionViewCell.xib in Resources */,
				F15E382F2605B0EF0038E195 /* HeroCollectionView.xib in Resources */,
			);
			runOnlyForDeploymentPostprocessing = 0;
		};
		F16157AF25F711EC00AC9AB4 /* Resources */ = {
			isa = PBXResourcesBuildPhase;
			buildActionMask = 2147483647;
			files = (
			);
			runOnlyForDeploymentPostprocessing = 0;
		};
		F16157BA25F711EC00AC9AB4 /* Resources */ = {
			isa = PBXResourcesBuildPhase;
			buildActionMask = 2147483647;
			files = (
			);
			runOnlyForDeploymentPostprocessing = 0;
		};
/* End PBXResourcesBuildPhase section */

/* Begin PBXShellScriptBuildPhase section */
		16A7A9BEE64973F69AA8FAF8 /* [CP] Check Pods Manifest.lock */ = {
			isa = PBXShellScriptBuildPhase;
			buildActionMask = 2147483647;
			files = (
			);
			inputFileListPaths = (
			);
			inputPaths = (
				"${PODS_PODFILE_DIR_PATH}/Podfile.lock",
				"${PODS_ROOT}/Manifest.lock",
			);
			name = "[CP] Check Pods Manifest.lock";
			outputFileListPaths = (
			);
			outputPaths = (
				"$(DERIVED_FILE_DIR)/Pods-HeroTestTests-checkManifestLockResult.txt",
			);
			runOnlyForDeploymentPostprocessing = 0;
			shellPath = /bin/sh;
			shellScript = "diff \"${PODS_PODFILE_DIR_PATH}/Podfile.lock\" \"${PODS_ROOT}/Manifest.lock\" > /dev/null\nif [ $? != 0 ] ; then\n    # print error to STDERR\n    echo \"error: The sandbox is not in sync with the Podfile.lock. Run 'pod install' or update your CocoaPods installation.\" >&2\n    exit 1\nfi\n# This output is used by Xcode 'outputs' to avoid re-running this script phase.\necho \"SUCCESS\" > \"${SCRIPT_OUTPUT_FILE_0}\"\n";
			showEnvVarsInLog = 0;
		};
		2953A033B8F14CF01DC90268 /* [CP] Embed Pods Frameworks */ = {
			isa = PBXShellScriptBuildPhase;
			buildActionMask = 2147483647;
			files = (
			);
			inputFileListPaths = (
				"${PODS_ROOT}/Target Support Files/Pods-HeroTest/Pods-HeroTest-frameworks-${CONFIGURATION}-input-files.xcfilelist",
			);
			name = "[CP] Embed Pods Frameworks";
			outputFileListPaths = (
				"${PODS_ROOT}/Target Support Files/Pods-HeroTest/Pods-HeroTest-frameworks-${CONFIGURATION}-output-files.xcfilelist",
			);
			runOnlyForDeploymentPostprocessing = 0;
			shellPath = /bin/sh;
			shellScript = "\"${PODS_ROOT}/Target Support Files/Pods-HeroTest/Pods-HeroTest-frameworks.sh\"\n";
			showEnvVarsInLog = 0;
		};
		45ABC41F350C9732E826BAB0 /* [CP] Check Pods Manifest.lock */ = {
			isa = PBXShellScriptBuildPhase;
			buildActionMask = 2147483647;
			files = (
			);
			inputFileListPaths = (
			);
			inputPaths = (
				"${PODS_PODFILE_DIR_PATH}/Podfile.lock",
				"${PODS_ROOT}/Manifest.lock",
			);
			name = "[CP] Check Pods Manifest.lock";
			outputFileListPaths = (
			);
			outputPaths = (
				"$(DERIVED_FILE_DIR)/Pods-HeroTest-HeroTestUITests-checkManifestLockResult.txt",
			);
			runOnlyForDeploymentPostprocessing = 0;
			shellPath = /bin/sh;
			shellScript = "diff \"${PODS_PODFILE_DIR_PATH}/Podfile.lock\" \"${PODS_ROOT}/Manifest.lock\" > /dev/null\nif [ $? != 0 ] ; then\n    # print error to STDERR\n    echo \"error: The sandbox is not in sync with the Podfile.lock. Run 'pod install' or update your CocoaPods installation.\" >&2\n    exit 1\nfi\n# This output is used by Xcode 'outputs' to avoid re-running this script phase.\necho \"SUCCESS\" > \"${SCRIPT_OUTPUT_FILE_0}\"\n";
			showEnvVarsInLog = 0;
		};
		963D1E09AB905C9CADBC79ED /* [CP] Check Pods Manifest.lock */ = {
			isa = PBXShellScriptBuildPhase;
			buildActionMask = 2147483647;
			files = (
			);
			inputFileListPaths = (
			);
			inputPaths = (
				"${PODS_PODFILE_DIR_PATH}/Podfile.lock",
				"${PODS_ROOT}/Manifest.lock",
			);
			name = "[CP] Check Pods Manifest.lock";
			outputFileListPaths = (
			);
			outputPaths = (
				"$(DERIVED_FILE_DIR)/Pods-HeroTest-checkManifestLockResult.txt",
			);
			runOnlyForDeploymentPostprocessing = 0;
			shellPath = /bin/sh;
			shellScript = "diff \"${PODS_PODFILE_DIR_PATH}/Podfile.lock\" \"${PODS_ROOT}/Manifest.lock\" > /dev/null\nif [ $? != 0 ] ; then\n    # print error to STDERR\n    echo \"error: The sandbox is not in sync with the Podfile.lock. Run 'pod install' or update your CocoaPods installation.\" >&2\n    exit 1\nfi\n# This output is used by Xcode 'outputs' to avoid re-running this script phase.\necho \"SUCCESS\" > \"${SCRIPT_OUTPUT_FILE_0}\"\n";
			showEnvVarsInLog = 0;
		};
		C31E8CB7BDD8C03E12ECD9FC /* [CP] Embed Pods Frameworks */ = {
			isa = PBXShellScriptBuildPhase;
			buildActionMask = 2147483647;
			files = (
			);
			inputFileListPaths = (
				"${PODS_ROOT}/Target Support Files/Pods-HeroTest-HeroTestUITests/Pods-HeroTest-HeroTestUITests-frameworks-${CONFIGURATION}-input-files.xcfilelist",
			);
			name = "[CP] Embed Pods Frameworks";
			outputFileListPaths = (
				"${PODS_ROOT}/Target Support Files/Pods-HeroTest-HeroTestUITests/Pods-HeroTest-HeroTestUITests-frameworks-${CONFIGURATION}-output-files.xcfilelist",
			);
			runOnlyForDeploymentPostprocessing = 0;
			shellPath = /bin/sh;
			shellScript = "\"${PODS_ROOT}/Target Support Files/Pods-HeroTest-HeroTestUITests/Pods-HeroTest-HeroTestUITests-frameworks.sh\"\n";
			showEnvVarsInLog = 0;
		};
/* End PBXShellScriptBuildPhase section */

/* Begin PBXSourcesBuildPhase section */
		F161579725F711E900AC9AB4 /* Sources */ = {
			isa = PBXSourcesBuildPhase;
			buildActionMask = 2147483647;
			files = (
				F16157A325F711E900AC9AB4 /* MainViewController.swift in Sources */,
				F17014F525F73AFF006F9249 /* HeroModel.swift in Sources */,
				F170151125F7481D006F9249 /* Network+Download.swift in Sources */,
				F1A4640425F8620500D0A6B1 /* Network+Search.swift in Sources */,
				F1B08E3E25F71AF200AFF72E /* Network+Get.swift in Sources */,
				F1C7A91225F9450200396B60 /* DetailsViewController+Hero.swift in Sources */,
				F15E38412605B6370038E195 /* HeroCollectionView+Collection.swift in Sources */,
				F1A463BB25F7E7E100D0A6B1 /* Network+Hero.swift in Sources */,
				F1B08E3925F719CC00AFF72E /* NetworkError.swift in Sources */,
				F15E384B2605B6EE0038E195 /* HeroCollectionViewCell.swift in Sources */,
				F15E47832606F19400BB0717 /* PageDataController.swift in Sources */,
				F17014FE25F73CC9006F9249 /* HeroViewModel.swift in Sources */,
				F1A463E325F850ED00D0A6B1 /* MainViewController+TableView.swift in Sources */,
				F18F9B402605741E0038A9E9 /* HeroPhotoView.swift in Sources */,
				F161579F25F711E900AC9AB4 /* AppDelegate.swift in Sources */,
				F1E42CCA25F73043005CA293 /* Mutex.swift in Sources */,
				F1B08E3125F7189D00AFF72E /* Network.swift in Sources */,
				F1C7A90A25F9444900396B60 /* HeroTableViewCell+Hero.swift in Sources */,
				F15E47932606FC9B00BB0717 /* SearchDataController.swift in Sources */,
				F15E38342605B1650038E195 /* HeroCollectionView.swift in Sources */,
				F15E476A2606DDCE00BB0717 /* HeroCollectionViewCell+Hero.swift in Sources */,
				F1A463CC25F7F91A00D0A6B1 /* DetailsViewController.swift in Sources */,
				F15E479826081DD000BB0717 /* RandomDataController.swift in Sources */,
				F16157A125F711E900AC9AB4 /* SceneDelegate.swift in Sources */,
				F170150425F7422A006F9249 /* HeroTableViewCell.swift in Sources */,
				F1C7A91F25F94C4300396B60 /* DetailsViewController+Chart.swift in Sources */,
				F1A463FC25F85EC200D0A6B1 /* MainViewController+SearchBar.swift in Sources */,
				F15E47882606FB1A00BB0717 /* DataController.swift in Sources */,
				F170150C25F7456B006F9249 /* UIView+Rounded.swift in Sources */,
				F1A463D125F8261D00D0A6B1 /* UIImageView+LoadURL.swift in Sources */,
				F170151925F74E5A006F9249 /* UIView+Fade.swift in Sources */,
				F1A463F425F859E900D0A6B1 /* DetailsViewController+Storyboard.swift in Sources */,
			);
			runOnlyForDeploymentPostprocessing = 0;
		};
		F16157AD25F711EC00AC9AB4 /* Sources */ = {
			isa = PBXSourcesBuildPhase;
			buildActionMask = 2147483647;
			files = (
				F17014EB25F73957006F9249 /* NetworkTests.swift in Sources */,
				F16157B625F711EC00AC9AB4 /* HeroTestTests.swift in Sources */,
			);
			runOnlyForDeploymentPostprocessing = 0;
		};
		F16157B825F711EC00AC9AB4 /* Sources */ = {
			isa = PBXSourcesBuildPhase;
			buildActionMask = 2147483647;
			files = (
				F16157C125F711EC00AC9AB4 /* HeroTestUITests.swift in Sources */,
			);
			runOnlyForDeploymentPostprocessing = 0;
		};
/* End PBXSourcesBuildPhase section */

/* Begin PBXTargetDependency section */
		F16157B325F711EC00AC9AB4 /* PBXTargetDependency */ = {
			isa = PBXTargetDependency;
			target = F161579A25F711E900AC9AB4 /* HeroTest */;
			targetProxy = F16157B225F711EC00AC9AB4 /* PBXContainerItemProxy */;
		};
		F16157BE25F711EC00AC9AB4 /* PBXTargetDependency */ = {
			isa = PBXTargetDependency;
			target = F161579A25F711E900AC9AB4 /* HeroTest */;
			targetProxy = F16157BD25F711EC00AC9AB4 /* PBXContainerItemProxy */;
		};
/* End PBXTargetDependency section */

/* Begin PBXVariantGroup section */
		F16157A425F711E900AC9AB4 /* Main.storyboard */ = {
			isa = PBXVariantGroup;
			children = (
				F16157A525F711E900AC9AB4 /* Base */,
			);
			name = Main.storyboard;
			sourceTree = "<group>";
		};
		F16157A925F711EC00AC9AB4 /* LaunchScreen.storyboard */ = {
			isa = PBXVariantGroup;
			children = (
				F16157AA25F711EC00AC9AB4 /* Base */,
			);
			name = LaunchScreen.storyboard;
			sourceTree = "<group>";
		};
/* End PBXVariantGroup section */

/* Begin XCBuildConfiguration section */
		F16157C325F711EC00AC9AB4 /* Debug */ = {
			isa = XCBuildConfiguration;
			buildSettings = {
				ALWAYS_SEARCH_USER_PATHS = NO;
				CLANG_ANALYZER_NONNULL = YES;
				CLANG_ANALYZER_NUMBER_OBJECT_CONVERSION = YES_AGGRESSIVE;
				CLANG_CXX_LANGUAGE_STANDARD = "gnu++14";
				CLANG_CXX_LIBRARY = "libc++";
				CLANG_ENABLE_MODULES = YES;
				CLANG_ENABLE_OBJC_ARC = YES;
				CLANG_ENABLE_OBJC_WEAK = YES;
				CLANG_WARN_BLOCK_CAPTURE_AUTORELEASING = YES;
				CLANG_WARN_BOOL_CONVERSION = YES;
				CLANG_WARN_COMMA = YES;
				CLANG_WARN_CONSTANT_CONVERSION = YES;
				CLANG_WARN_DEPRECATED_OBJC_IMPLEMENTATIONS = YES;
				CLANG_WARN_DIRECT_OBJC_ISA_USAGE = YES_ERROR;
				CLANG_WARN_DOCUMENTATION_COMMENTS = YES;
				CLANG_WARN_EMPTY_BODY = YES;
				CLANG_WARN_ENUM_CONVERSION = YES;
				CLANG_WARN_INFINITE_RECURSION = YES;
				CLANG_WARN_INT_CONVERSION = YES;
				CLANG_WARN_NON_LITERAL_NULL_CONVERSION = YES;
				CLANG_WARN_OBJC_IMPLICIT_RETAIN_SELF = YES;
				CLANG_WARN_OBJC_LITERAL_CONVERSION = YES;
				CLANG_WARN_OBJC_ROOT_CLASS = YES_ERROR;
				CLANG_WARN_QUOTED_INCLUDE_IN_FRAMEWORK_HEADER = YES;
				CLANG_WARN_RANGE_LOOP_ANALYSIS = YES;
				CLANG_WARN_STRICT_PROTOTYPES = YES;
				CLANG_WARN_SUSPICIOUS_MOVE = YES;
				CLANG_WARN_UNGUARDED_AVAILABILITY = YES_AGGRESSIVE;
				CLANG_WARN_UNREACHABLE_CODE = YES;
				CLANG_WARN__DUPLICATE_METHOD_MATCH = YES;
				COPY_PHASE_STRIP = NO;
				DEBUG_INFORMATION_FORMAT = dwarf;
				ENABLE_STRICT_OBJC_MSGSEND = YES;
				ENABLE_TESTABILITY = YES;
				GCC_C_LANGUAGE_STANDARD = gnu11;
				GCC_DYNAMIC_NO_PIC = NO;
				GCC_NO_COMMON_BLOCKS = YES;
				GCC_OPTIMIZATION_LEVEL = 0;
				GCC_PREPROCESSOR_DEFINITIONS = (
					"DEBUG=1",
					"$(inherited)",
				);
				GCC_WARN_64_TO_32_BIT_CONVERSION = YES;
				GCC_WARN_ABOUT_RETURN_TYPE = YES_ERROR;
				GCC_WARN_UNDECLARED_SELECTOR = YES;
				GCC_WARN_UNINITIALIZED_AUTOS = YES_AGGRESSIVE;
				GCC_WARN_UNUSED_FUNCTION = YES;
				GCC_WARN_UNUSED_VARIABLE = YES;
				IPHONEOS_DEPLOYMENT_TARGET = 14.4;
				MTL_ENABLE_DEBUG_INFO = INCLUDE_SOURCE;
				MTL_FAST_MATH = YES;
				ONLY_ACTIVE_ARCH = YES;
				SDKROOT = iphoneos;
				SWIFT_ACTIVE_COMPILATION_CONDITIONS = DEBUG;
				SWIFT_OPTIMIZATION_LEVEL = "-Onone";
			};
			name = Debug;
		};
		F16157C425F711EC00AC9AB4 /* Release */ = {
			isa = XCBuildConfiguration;
			buildSettings = {
				ALWAYS_SEARCH_USER_PATHS = NO;
				CLANG_ANALYZER_NONNULL = YES;
				CLANG_ANALYZER_NUMBER_OBJECT_CONVERSION = YES_AGGRESSIVE;
				CLANG_CXX_LANGUAGE_STANDARD = "gnu++14";
				CLANG_CXX_LIBRARY = "libc++";
				CLANG_ENABLE_MODULES = YES;
				CLANG_ENABLE_OBJC_ARC = YES;
				CLANG_ENABLE_OBJC_WEAK = YES;
				CLANG_WARN_BLOCK_CAPTURE_AUTORELEASING = YES;
				CLANG_WARN_BOOL_CONVERSION = YES;
				CLANG_WARN_COMMA = YES;
				CLANG_WARN_CONSTANT_CONVERSION = YES;
				CLANG_WARN_DEPRECATED_OBJC_IMPLEMENTATIONS = YES;
				CLANG_WARN_DIRECT_OBJC_ISA_USAGE = YES_ERROR;
				CLANG_WARN_DOCUMENTATION_COMMENTS = YES;
				CLANG_WARN_EMPTY_BODY = YES;
				CLANG_WARN_ENUM_CONVERSION = YES;
				CLANG_WARN_INFINITE_RECURSION = YES;
				CLANG_WARN_INT_CONVERSION = YES;
				CLANG_WARN_NON_LITERAL_NULL_CONVERSION = YES;
				CLANG_WARN_OBJC_IMPLICIT_RETAIN_SELF = YES;
				CLANG_WARN_OBJC_LITERAL_CONVERSION = YES;
				CLANG_WARN_OBJC_ROOT_CLASS = YES_ERROR;
				CLANG_WARN_QUOTED_INCLUDE_IN_FRAMEWORK_HEADER = YES;
				CLANG_WARN_RANGE_LOOP_ANALYSIS = YES;
				CLANG_WARN_STRICT_PROTOTYPES = YES;
				CLANG_WARN_SUSPICIOUS_MOVE = YES;
				CLANG_WARN_UNGUARDED_AVAILABILITY = YES_AGGRESSIVE;
				CLANG_WARN_UNREACHABLE_CODE = YES;
				CLANG_WARN__DUPLICATE_METHOD_MATCH = YES;
				COPY_PHASE_STRIP = NO;
				DEBUG_INFORMATION_FORMAT = "dwarf-with-dsym";
				ENABLE_NS_ASSERTIONS = NO;
				ENABLE_STRICT_OBJC_MSGSEND = YES;
				GCC_C_LANGUAGE_STANDARD = gnu11;
				GCC_NO_COMMON_BLOCKS = YES;
				GCC_WARN_64_TO_32_BIT_CONVERSION = YES;
				GCC_WARN_ABOUT_RETURN_TYPE = YES_ERROR;
				GCC_WARN_UNDECLARED_SELECTOR = YES;
				GCC_WARN_UNINITIALIZED_AUTOS = YES_AGGRESSIVE;
				GCC_WARN_UNUSED_FUNCTION = YES;
				GCC_WARN_UNUSED_VARIABLE = YES;
				IPHONEOS_DEPLOYMENT_TARGET = 14.4;
				MTL_ENABLE_DEBUG_INFO = NO;
				MTL_FAST_MATH = YES;
				SDKROOT = iphoneos;
				SWIFT_COMPILATION_MODE = wholemodule;
				SWIFT_OPTIMIZATION_LEVEL = "-O";
				VALIDATE_PRODUCT = YES;
			};
			name = Release;
		};
		F16157C625F711EC00AC9AB4 /* Debug */ = {
			isa = XCBuildConfiguration;
			baseConfigurationReference = 1F2F08617D4257FA2DE2E69F /* Pods-HeroTest.debug.xcconfig */;
			buildSettings = {
				ASSETCATALOG_COMPILER_APPICON_NAME = AppIcon;
				ASSETCATALOG_COMPILER_GLOBAL_ACCENT_COLOR_NAME = AccentColor;
				CODE_SIGN_STYLE = Automatic;
				DEVELOPMENT_TEAM = D8BXFKN3EF;
				INFOPLIST_FILE = HeroTest/Info.plist;
				IPHONEOS_DEPLOYMENT_TARGET = 13.0;
				LD_RUNPATH_SEARCH_PATHS = (
					"$(inherited)",
					"@executable_path/Frameworks",
				);
				PRODUCT_BUNDLE_IDENTIFIER = com.duran.ios.herotest.HeroTest;
				PRODUCT_NAME = "$(TARGET_NAME)";
				SWIFT_VERSION = 5.0;
				TARGETED_DEVICE_FAMILY = "1,2";
			};
			name = Debug;
		};
		F16157C725F711EC00AC9AB4 /* Release */ = {
			isa = XCBuildConfiguration;
			baseConfigurationReference = 68D2C98947898007A5289556 /* Pods-HeroTest.release.xcconfig */;
			buildSettings = {
				ASSETCATALOG_COMPILER_APPICON_NAME = AppIcon;
				ASSETCATALOG_COMPILER_GLOBAL_ACCENT_COLOR_NAME = AccentColor;
				CODE_SIGN_STYLE = Automatic;
				DEVELOPMENT_TEAM = D8BXFKN3EF;
				INFOPLIST_FILE = HeroTest/Info.plist;
				IPHONEOS_DEPLOYMENT_TARGET = 13.0;
				LD_RUNPATH_SEARCH_PATHS = (
					"$(inherited)",
					"@executable_path/Frameworks",
				);
				PRODUCT_BUNDLE_IDENTIFIER = com.duran.ios.herotest.HeroTest;
				PRODUCT_NAME = "$(TARGET_NAME)";
				SWIFT_VERSION = 5.0;
				TARGETED_DEVICE_FAMILY = "1,2";
			};
			name = Release;
		};
		F16157C925F711EC00AC9AB4 /* Debug */ = {
			isa = XCBuildConfiguration;
			baseConfigurationReference = 612D65DEE62069D28EC2EE98 /* Pods-HeroTestTests.debug.xcconfig */;
			buildSettings = {
				ALWAYS_EMBED_SWIFT_STANDARD_LIBRARIES = YES;
				BUNDLE_LOADER = "$(TEST_HOST)";
				CODE_SIGN_STYLE = Automatic;
				DEVELOPMENT_TEAM = D8BXFKN3EF;
				INFOPLIST_FILE = HeroTestTests/Info.plist;
				IPHONEOS_DEPLOYMENT_TARGET = 14.4;
				LD_RUNPATH_SEARCH_PATHS = (
					"$(inherited)",
					"@executable_path/Frameworks",
					"@loader_path/Frameworks",
				);
				PRODUCT_BUNDLE_IDENTIFIER = com.duran.ios.herotest.HeroTestTests;
				PRODUCT_NAME = "$(TARGET_NAME)";
				SWIFT_VERSION = 5.0;
				TARGETED_DEVICE_FAMILY = "1,2";
				TEST_HOST = "$(BUILT_PRODUCTS_DIR)/HeroTest.app/HeroTest";
			};
			name = Debug;
		};
		F16157CA25F711EC00AC9AB4 /* Release */ = {
			isa = XCBuildConfiguration;
			baseConfigurationReference = BF5A6856BB23D808F5686383 /* Pods-HeroTestTests.release.xcconfig */;
			buildSettings = {
				ALWAYS_EMBED_SWIFT_STANDARD_LIBRARIES = YES;
				BUNDLE_LOADER = "$(TEST_HOST)";
				CODE_SIGN_STYLE = Automatic;
				DEVELOPMENT_TEAM = D8BXFKN3EF;
				INFOPLIST_FILE = HeroTestTests/Info.plist;
				IPHONEOS_DEPLOYMENT_TARGET = 14.4;
				LD_RUNPATH_SEARCH_PATHS = (
					"$(inherited)",
					"@executable_path/Frameworks",
					"@loader_path/Frameworks",
				);
				PRODUCT_BUNDLE_IDENTIFIER = com.duran.ios.herotest.HeroTestTests;
				PRODUCT_NAME = "$(TARGET_NAME)";
				SWIFT_VERSION = 5.0;
				TARGETED_DEVICE_FAMILY = "1,2";
				TEST_HOST = "$(BUILT_PRODUCTS_DIR)/HeroTest.app/HeroTest";
			};
			name = Release;
		};
		F16157CC25F711EC00AC9AB4 /* Debug */ = {
			isa = XCBuildConfiguration;
			baseConfigurationReference = A26F1F36BA98B95F15F44507 /* Pods-HeroTest-HeroTestUITests.debug.xcconfig */;
			buildSettings = {
				ALWAYS_EMBED_SWIFT_STANDARD_LIBRARIES = "$(inherited)";
				CODE_SIGN_STYLE = Automatic;
				DEVELOPMENT_TEAM = D8BXFKN3EF;
				INFOPLIST_FILE = HeroTestUITests/Info.plist;
				LD_RUNPATH_SEARCH_PATHS = (
					"$(inherited)",
					"@executable_path/Frameworks",
					"@loader_path/Frameworks",
				);
				PRODUCT_BUNDLE_IDENTIFIER = com.duran.ios.herotest.HeroTestUITests;
				PRODUCT_NAME = "$(TARGET_NAME)";
				SWIFT_VERSION = 5.0;
				TARGETED_DEVICE_FAMILY = "1,2";
				TEST_TARGET_NAME = HeroTest;
			};
			name = Debug;
		};
		F16157CD25F711EC00AC9AB4 /* Release */ = {
			isa = XCBuildConfiguration;
			baseConfigurationReference = C9715F6A5EE87A197B74C7F6 /* Pods-HeroTest-HeroTestUITests.release.xcconfig */;
			buildSettings = {
				ALWAYS_EMBED_SWIFT_STANDARD_LIBRARIES = "$(inherited)";
				CODE_SIGN_STYLE = Automatic;
				DEVELOPMENT_TEAM = D8BXFKN3EF;
				INFOPLIST_FILE = HeroTestUITests/Info.plist;
				LD_RUNPATH_SEARCH_PATHS = (
					"$(inherited)",
					"@executable_path/Frameworks",
					"@loader_path/Frameworks",
				);
				PRODUCT_BUNDLE_IDENTIFIER = com.duran.ios.herotest.HeroTestUITests;
				PRODUCT_NAME = "$(TARGET_NAME)";
				SWIFT_VERSION = 5.0;
				TARGETED_DEVICE_FAMILY = "1,2";
				TEST_TARGET_NAME = HeroTest;
			};
			name = Release;
		};
/* End XCBuildConfiguration section */

/* Begin XCConfigurationList section */
		F161579625F711E900AC9AB4 /* Build configuration list for PBXProject "HeroTest" */ = {
			isa = XCConfigurationList;
			buildConfigurations = (
				F16157C325F711EC00AC9AB4 /* Debug */,
				F16157C425F711EC00AC9AB4 /* Release */,
			);
			defaultConfigurationIsVisible = 0;
			defaultConfigurationName = Release;
		};
		F16157C525F711EC00AC9AB4 /* Build configuration list for PBXNativeTarget "HeroTest" */ = {
			isa = XCConfigurationList;
			buildConfigurations = (
				F16157C625F711EC00AC9AB4 /* Debug */,
				F16157C725F711EC00AC9AB4 /* Release */,
			);
			defaultConfigurationIsVisible = 0;
			defaultConfigurationName = Release;
		};
		F16157C825F711EC00AC9AB4 /* Build configuration list for PBXNativeTarget "HeroTestTests" */ = {
			isa = XCConfigurationList;
			buildConfigurations = (
				F16157C925F711EC00AC9AB4 /* Debug */,
				F16157CA25F711EC00AC9AB4 /* Release */,
			);
			defaultConfigurationIsVisible = 0;
			defaultConfigurationName = Release;
		};
		F16157CB25F711EC00AC9AB4 /* Build configuration list for PBXNativeTarget "HeroTestUITests" */ = {
			isa = XCConfigurationList;
			buildConfigurations = (
				F16157CC25F711EC00AC9AB4 /* Debug */,
				F16157CD25F711EC00AC9AB4 /* Release */,
			);
			defaultConfigurationIsVisible = 0;
			defaultConfigurationName = Release;
		};
/* End XCConfigurationList section */
	};
	rootObject = F161579325F711E900AC9AB4 /* Project object */;
}
